// !$*UTF8*$!
{
	archiveVersion = 1;
	classes = {
	};
	objectVersion = 56;
	objects = {

/* Begin PBXBuildFile section */
		07210DE92A177FEE002E4ADA /* MainSheetView.swift in Sources */ = {isa = PBXBuildFile; fileRef = 07210DE82A177FEE002E4ADA /* MainSheetView.swift */; };
		07210DEC2A178484002E4ADA /* CountryGeneralInformationSheetView.swift in Sources */ = {isa = PBXBuildFile; fileRef = 07210DEB2A178484002E4ADA /* CountryGeneralInformationSheetView.swift */; };
		07210DEF2A178F73002E4ADA /* Color+Extension.swift in Sources */ = {isa = PBXBuildFile; fileRef = 07210DEE2A178F73002E4ADA /* Color+Extension.swift */; };
		07210DF12A17B755002E4ADA /* FormatterHelper.swift in Sources */ = {isa = PBXBuildFile; fileRef = 07210DF02A17B755002E4ADA /* FormatterHelper.swift */; };
		07210DF32A17BFB0002E4ADA /* CountryWeatherInformationSheetView.swift in Sources */ = {isa = PBXBuildFile; fileRef = 07210DF22A17BFB0002E4ADA /* CountryWeatherInformationSheetView.swift */; };
		07210DF62A17C0E2002E4ADA /* MainSheetHeaderView.swift in Sources */ = {isa = PBXBuildFile; fileRef = 07210DF52A17C0E2002E4ADA /* MainSheetHeaderView.swift */; };
		07210DF82A17C54A002E4ADA /* Weather.swift in Sources */ = {isa = PBXBuildFile; fileRef = 07210DF72A17C54A002E4ADA /* Weather.swift */; };
		07210DFB2A17D998002E4ADA /* CountryWeatherInformationSheetViewModel.swift in Sources */ = {isa = PBXBuildFile; fileRef = 07210DFA2A17D998002E4ADA /* CountryWeatherInformationSheetViewModel.swift */; };
		074061C72A17DF1000768B2D /* CountryInfoCellView.swift in Sources */ = {isa = PBXBuildFile; fileRef = 074061C62A17DF1000768B2D /* CountryInfoCellView.swift */; };
		074061C92A17DF5300768B2D /* CountryFlagCellView.swift in Sources */ = {isa = PBXBuildFile; fileRef = 074061C82A17DF5300768B2D /* CountryFlagCellView.swift */; };
		074061CB2A17DF7500768B2D /* CountryWikipediaLinkView.swift in Sources */ = {isa = PBXBuildFile; fileRef = 074061CA2A17DF7500768B2D /* CountryWikipediaLinkView.swift */; };
		074061CD2A17DFC500768B2D /* CountryWeatherIconInformationCellView.swift in Sources */ = {isa = PBXBuildFile; fileRef = 074061CC2A17DFC500768B2D /* CountryWeatherIconInformationCellView.swift */; };
		074061CF2A17E03C00768B2D /* NetworkError.swift in Sources */ = {isa = PBXBuildFile; fileRef = 074061CE2A17E03B00768B2D /* NetworkError.swift */; };
		074061D12A17E38A00768B2D /* WeatherForecast.swift in Sources */ = {isa = PBXBuildFile; fileRef = 074061D02A17E38A00768B2D /* WeatherForecast.swift */; };
		074061D32A17E5A900768B2D /* CountryWeatherForecastSheetViewModel.swift in Sources */ = {isa = PBXBuildFile; fileRef = 074061D22A17E5A900768B2D /* CountryWeatherForecastSheetViewModel.swift */; };
		074061D52A17E85E00768B2D /* CountryWeatherForecastSheetView.swift in Sources */ = {isa = PBXBuildFile; fileRef = 074061D42A17E85E00768B2D /* CountryWeatherForecastSheetView.swift */; };
		0751C7132A0128E200B0AF8F /* Country.swift in Sources */ = {isa = PBXBuildFile; fileRef = 0751C7122A0128E200B0AF8F /* Country.swift */; };
		0751C7162A01318800B0AF8F /* MapContainerViewModel.swift in Sources */ = {isa = PBXBuildFile; fileRef = 0751C7152A01318800B0AF8F /* MapContainerViewModel.swift */; };
		0751C7192A01336F00B0AF8F /* MapTypeOptionsSheetView.swift in Sources */ = {isa = PBXBuildFile; fileRef = 0751C7182A01336F00B0AF8F /* MapTypeOptionsSheetView.swift */; };
		0751C71B2A01340E00B0AF8F /* MapUIViewRepresentable.swift in Sources */ = {isa = PBXBuildFile; fileRef = 0751C71A2A01340E00B0AF8F /* MapUIViewRepresentable.swift */; };
		07633FD42A1E0CA200E1DB9D /* LatLonResponse.swift in Sources */ = {isa = PBXBuildFile; fileRef = 07633FD32A1E0CA200E1DB9D /* LatLonResponse.swift */; };
		0776103F2A192147002D68F3 /* CurrencyExchangeRates.swift in Sources */ = {isa = PBXBuildFile; fileRef = 0776103E2A192147002D68F3 /* CurrencyExchangeRates.swift */; };
		077610412A192260002D68F3 /* CountryCurrencyInformationSheetViewModel.swift in Sources */ = {isa = PBXBuildFile; fileRef = 077610402A192260002D68F3 /* CountryCurrencyInformationSheetViewModel.swift */; };
		077610432A192782002D68F3 /* CountryCurrencyInformationSheetView.swift in Sources */ = {isa = PBXBuildFile; fileRef = 077610422A192782002D68F3 /* CountryCurrencyInformationSheetView.swift */; };
		07C83AD52A191E6D0077B824 /* CountryWeatherForecastCellView.swift in Sources */ = {isa = PBXBuildFile; fileRef = 07C83AD42A191E6D0077B824 /* CountryWeatherForecastCellView.swift */; };
		07EAA06729F7D5BA00D714EB /* GazetteerApp.swift in Sources */ = {isa = PBXBuildFile; fileRef = 07EAA06629F7D5BA00D714EB /* GazetteerApp.swift */; };
		07EAA06929F7D5BA00D714EB /* MapContainerView.swift in Sources */ = {isa = PBXBuildFile; fileRef = 07EAA06829F7D5BA00D714EB /* MapContainerView.swift */; };
		07EAA06B29F7D5BC00D714EB /* Assets.xcassets in Resources */ = {isa = PBXBuildFile; fileRef = 07EAA06A29F7D5BC00D714EB /* Assets.xcassets */; };
		07EAA06E29F7D5BC00D714EB /* Preview Assets.xcassets in Resources */ = {isa = PBXBuildFile; fileRef = 07EAA06D29F7D5BC00D714EB /* Preview Assets.xcassets */; };
		07EAA07829F7D5BC00D714EB /* GazetteerTests.swift in Sources */ = {isa = PBXBuildFile; fileRef = 07EAA07729F7D5BC00D714EB /* GazetteerTests.swift */; };
		07EAA08229F7D5BC00D714EB /* GazetteerUITests.swift in Sources */ = {isa = PBXBuildFile; fileRef = 07EAA08129F7D5BC00D714EB /* GazetteerUITests.swift */; };
		07EAA08429F7D5BC00D714EB /* GazetteerUITestsLaunchTests.swift in Sources */ = {isa = PBXBuildFile; fileRef = 07EAA08329F7D5BC00D714EB /* GazetteerUITestsLaunchTests.swift */; };
/* End PBXBuildFile section */

/* Begin PBXContainerItemProxy section */
		07EAA07429F7D5BC00D714EB /* PBXContainerItemProxy */ = {
			isa = PBXContainerItemProxy;
			containerPortal = 07EAA05B29F7D5BA00D714EB /* Project object */;
			proxyType = 1;
			remoteGlobalIDString = 07EAA06229F7D5BA00D714EB;
			remoteInfo = Gazetteer;
		};
		07EAA07E29F7D5BC00D714EB /* PBXContainerItemProxy */ = {
			isa = PBXContainerItemProxy;
			containerPortal = 07EAA05B29F7D5BA00D714EB /* Project object */;
			proxyType = 1;
			remoteGlobalIDString = 07EAA06229F7D5BA00D714EB;
			remoteInfo = Gazetteer;
		};
/* End PBXContainerItemProxy section */

/* Begin PBXFileReference section */
		07210DE82A177FEE002E4ADA /* MainSheetView.swift */ = {isa = PBXFileReference; lastKnownFileType = sourcecode.swift; path = MainSheetView.swift; sourceTree = "<group>"; };
		07210DEB2A178484002E4ADA /* CountryGeneralInformationSheetView.swift */ = {isa = PBXFileReference; lastKnownFileType = sourcecode.swift; path = CountryGeneralInformationSheetView.swift; sourceTree = "<group>"; };
		07210DEE2A178F73002E4ADA /* Color+Extension.swift */ = {isa = PBXFileReference; lastKnownFileType = sourcecode.swift; path = "Color+Extension.swift"; sourceTree = "<group>"; };
		07210DF02A17B755002E4ADA /* FormatterHelper.swift */ = {isa = PBXFileReference; lastKnownFileType = sourcecode.swift; path = FormatterHelper.swift; sourceTree = "<group>"; };
		07210DF22A17BFB0002E4ADA /* CountryWeatherInformationSheetView.swift */ = {isa = PBXFileReference; lastKnownFileType = sourcecode.swift; path = CountryWeatherInformationSheetView.swift; sourceTree = "<group>"; };
		07210DF52A17C0E2002E4ADA /* MainSheetHeaderView.swift */ = {isa = PBXFileReference; lastKnownFileType = sourcecode.swift; path = MainSheetHeaderView.swift; sourceTree = "<group>"; };
		07210DF72A17C54A002E4ADA /* Weather.swift */ = {isa = PBXFileReference; lastKnownFileType = sourcecode.swift; path = Weather.swift; sourceTree = "<group>"; };
		07210DFA2A17D998002E4ADA /* CountryWeatherInformationSheetViewModel.swift */ = {isa = PBXFileReference; lastKnownFileType = sourcecode.swift; path = CountryWeatherInformationSheetViewModel.swift; sourceTree = "<group>"; };
		074061C62A17DF1000768B2D /* CountryInfoCellView.swift */ = {isa = PBXFileReference; lastKnownFileType = sourcecode.swift; path = CountryInfoCellView.swift; sourceTree = "<group>"; };
		074061C82A17DF5300768B2D /* CountryFlagCellView.swift */ = {isa = PBXFileReference; lastKnownFileType = sourcecode.swift; path = CountryFlagCellView.swift; sourceTree = "<group>"; };
		074061CA2A17DF7500768B2D /* CountryWikipediaLinkView.swift */ = {isa = PBXFileReference; lastKnownFileType = sourcecode.swift; path = CountryWikipediaLinkView.swift; sourceTree = "<group>"; };
		074061CC2A17DFC500768B2D /* CountryWeatherIconInformationCellView.swift */ = {isa = PBXFileReference; lastKnownFileType = sourcecode.swift; path = CountryWeatherIconInformationCellView.swift; sourceTree = "<group>"; };
		074061CE2A17E03B00768B2D /* NetworkError.swift */ = {isa = PBXFileReference; lastKnownFileType = sourcecode.swift; path = NetworkError.swift; sourceTree = "<group>"; };
		074061D02A17E38A00768B2D /* WeatherForecast.swift */ = {isa = PBXFileReference; lastKnownFileType = sourcecode.swift; path = WeatherForecast.swift; sourceTree = "<group>"; };
		074061D22A17E5A900768B2D /* CountryWeatherForecastSheetViewModel.swift */ = {isa = PBXFileReference; lastKnownFileType = sourcecode.swift; path = CountryWeatherForecastSheetViewModel.swift; sourceTree = "<group>"; };
		074061D42A17E85E00768B2D /* CountryWeatherForecastSheetView.swift */ = {isa = PBXFileReference; lastKnownFileType = sourcecode.swift; path = CountryWeatherForecastSheetView.swift; sourceTree = "<group>"; };
		0751C7122A0128E200B0AF8F /* Country.swift */ = {isa = PBXFileReference; lastKnownFileType = sourcecode.swift; path = Country.swift; sourceTree = "<group>"; };
		0751C7152A01318800B0AF8F /* MapContainerViewModel.swift */ = {isa = PBXFileReference; lastKnownFileType = sourcecode.swift; path = MapContainerViewModel.swift; sourceTree = "<group>"; };
		0751C7182A01336F00B0AF8F /* MapTypeOptionsSheetView.swift */ = {isa = PBXFileReference; lastKnownFileType = sourcecode.swift; path = MapTypeOptionsSheetView.swift; sourceTree = "<group>"; };
		0751C71A2A01340E00B0AF8F /* MapUIViewRepresentable.swift */ = {isa = PBXFileReference; lastKnownFileType = sourcecode.swift; path = MapUIViewRepresentable.swift; sourceTree = "<group>"; };
		07633FD32A1E0CA200E1DB9D /* LatLonResponse.swift */ = {isa = PBXFileReference; lastKnownFileType = sourcecode.swift; path = LatLonResponse.swift; sourceTree = "<group>"; };
		0776103E2A192147002D68F3 /* CurrencyExchangeRates.swift */ = {isa = PBXFileReference; lastKnownFileType = sourcecode.swift; path = CurrencyExchangeRates.swift; sourceTree = "<group>"; };
		077610402A192260002D68F3 /* CountryCurrencyInformationSheetViewModel.swift */ = {isa = PBXFileReference; lastKnownFileType = sourcecode.swift; path = CountryCurrencyInformationSheetViewModel.swift; sourceTree = "<group>"; };
		077610422A192782002D68F3 /* CountryCurrencyInformationSheetView.swift */ = {isa = PBXFileReference; lastKnownFileType = sourcecode.swift; path = CountryCurrencyInformationSheetView.swift; sourceTree = "<group>"; };
		07C83AD42A191E6D0077B824 /* CountryWeatherForecastCellView.swift */ = {isa = PBXFileReference; lastKnownFileType = sourcecode.swift; path = CountryWeatherForecastCellView.swift; sourceTree = "<group>"; };
		07EAA06329F7D5BA00D714EB /* Gazetteer.app */ = {isa = PBXFileReference; explicitFileType = wrapper.application; includeInIndex = 0; path = Gazetteer.app; sourceTree = BUILT_PRODUCTS_DIR; };
		07EAA06629F7D5BA00D714EB /* GazetteerApp.swift */ = {isa = PBXFileReference; lastKnownFileType = sourcecode.swift; path = GazetteerApp.swift; sourceTree = "<group>"; };
		07EAA06829F7D5BA00D714EB /* MapContainerView.swift */ = {isa = PBXFileReference; lastKnownFileType = sourcecode.swift; path = MapContainerView.swift; sourceTree = "<group>"; };
		07EAA06A29F7D5BC00D714EB /* Assets.xcassets */ = {isa = PBXFileReference; lastKnownFileType = folder.assetcatalog; path = Assets.xcassets; sourceTree = "<group>"; };
		07EAA06D29F7D5BC00D714EB /* Preview Assets.xcassets */ = {isa = PBXFileReference; lastKnownFileType = folder.assetcatalog; path = "Preview Assets.xcassets"; sourceTree = "<group>"; };
		07EAA07329F7D5BC00D714EB /* GazetteerTests.xctest */ = {isa = PBXFileReference; explicitFileType = wrapper.cfbundle; includeInIndex = 0; path = GazetteerTests.xctest; sourceTree = BUILT_PRODUCTS_DIR; };
		07EAA07729F7D5BC00D714EB /* GazetteerTests.swift */ = {isa = PBXFileReference; lastKnownFileType = sourcecode.swift; path = GazetteerTests.swift; sourceTree = "<group>"; };
		07EAA07D29F7D5BC00D714EB /* GazetteerUITests.xctest */ = {isa = PBXFileReference; explicitFileType = wrapper.cfbundle; includeInIndex = 0; path = GazetteerUITests.xctest; sourceTree = BUILT_PRODUCTS_DIR; };
		07EAA08129F7D5BC00D714EB /* GazetteerUITests.swift */ = {isa = PBXFileReference; lastKnownFileType = sourcecode.swift; path = GazetteerUITests.swift; sourceTree = "<group>"; };
		07EAA08329F7D5BC00D714EB /* GazetteerUITestsLaunchTests.swift */ = {isa = PBXFileReference; lastKnownFileType = sourcecode.swift; path = GazetteerUITestsLaunchTests.swift; sourceTree = "<group>"; };
/* End PBXFileReference section */

/* Begin PBXFrameworksBuildPhase section */
		07EAA06029F7D5BA00D714EB /* Frameworks */ = {
			isa = PBXFrameworksBuildPhase;
			buildActionMask = 2147483647;
			files = (
			);
			runOnlyForDeploymentPostprocessing = 0;
		};
		07EAA07029F7D5BC00D714EB /* Frameworks */ = {
			isa = PBXFrameworksBuildPhase;
			buildActionMask = 2147483647;
			files = (
			);
			runOnlyForDeploymentPostprocessing = 0;
		};
		07EAA07A29F7D5BC00D714EB /* Frameworks */ = {
			isa = PBXFrameworksBuildPhase;
			buildActionMask = 2147483647;
			files = (
			);
			runOnlyForDeploymentPostprocessing = 0;
		};
/* End PBXFrameworksBuildPhase section */

/* Begin PBXGroup section */
		07210DEA2A17828D002E4ADA /* SheetViews */ = {
			isa = PBXGroup;
			children = (
				07210DF42A17C0C8002E4ADA /* ReusableSheetViews */,
				0751C7182A01336F00B0AF8F /* MapTypeOptionsSheetView.swift */,
				07210DEB2A178484002E4ADA /* CountryGeneralInformationSheetView.swift */,
				07210DF22A17BFB0002E4ADA /* CountryWeatherInformationSheetView.swift */,
				074061D42A17E85E00768B2D /* CountryWeatherForecastSheetView.swift */,
				077610422A192782002D68F3 /* CountryCurrencyInformationSheetView.swift */,
			);
			path = SheetViews;
			sourceTree = "<group>";
		};
		07210DED2A178F5F002E4ADA /* Utilities */ = {
			isa = PBXGroup;
			children = (
				07210DEE2A178F73002E4ADA /* Color+Extension.swift */,
				07210DF02A17B755002E4ADA /* FormatterHelper.swift */,
				074061CE2A17E03B00768B2D /* NetworkError.swift */,
			);
			path = Utilities;
			sourceTree = "<group>";
		};
		07210DF42A17C0C8002E4ADA /* ReusableSheetViews */ = {
			isa = PBXGroup;
			children = (
				07210DF52A17C0E2002E4ADA /* MainSheetHeaderView.swift */,
				074061C52A17DECE00768B2D /* ReusableCellViews */,
			);
			path = ReusableSheetViews;
			sourceTree = "<group>";
		};
		07210DF92A17D978002E4ADA /* SheetViewModels */ = {
			isa = PBXGroup;
			children = (
				07210DFA2A17D998002E4ADA /* CountryWeatherInformationSheetViewModel.swift */,
				074061D22A17E5A900768B2D /* CountryWeatherForecastSheetViewModel.swift */,
				077610402A192260002D68F3 /* CountryCurrencyInformationSheetViewModel.swift */,
			);
			path = SheetViewModels;
			sourceTree = "<group>";
		};
		074061C52A17DECE00768B2D /* ReusableCellViews */ = {
			isa = PBXGroup;
			children = (
				074061C62A17DF1000768B2D /* CountryInfoCellView.swift */,
				074061C82A17DF5300768B2D /* CountryFlagCellView.swift */,
				074061CA2A17DF7500768B2D /* CountryWikipediaLinkView.swift */,
				074061CC2A17DFC500768B2D /* CountryWeatherIconInformationCellView.swift */,
				07C83AD42A191E6D0077B824 /* CountryWeatherForecastCellView.swift */,
			);
			path = ReusableCellViews;
			sourceTree = "<group>";
		};
		0751C7112A0128CE00B0AF8F /* Models */ = {
			isa = PBXGroup;
			children = (
				0751C7122A0128E200B0AF8F /* Country.swift */,
				07210DF72A17C54A002E4ADA /* Weather.swift */,
				074061D02A17E38A00768B2D /* WeatherForecast.swift */,
				0776103E2A192147002D68F3 /* CurrencyExchangeRates.swift */,
				07633FD32A1E0CA200E1DB9D /* LatLonResponse.swift */,
			);
			path = Models;
			sourceTree = "<group>";
		};
		0751C7142A01316A00B0AF8F /* ViewModels */ = {
			isa = PBXGroup;
			children = (
				0751C7152A01318800B0AF8F /* MapContainerViewModel.swift */,
				07210DF92A17D978002E4ADA /* SheetViewModels */,
			);
			path = ViewModels;
			sourceTree = "<group>";
		};
		0751C7172A01334D00B0AF8F /* Views */ = {
			isa = PBXGroup;
			children = (
				07EAA06829F7D5BA00D714EB /* MapContainerView.swift */,
				0751C71A2A01340E00B0AF8F /* MapUIViewRepresentable.swift */,
				07210DE82A177FEE002E4ADA /* MainSheetView.swift */,
				07210DEA2A17828D002E4ADA /* SheetViews */,
			);
			path = Views;
			sourceTree = "<group>";
		};
		07EAA05A29F7D5BA00D714EB = {
			isa = PBXGroup;
			children = (
				07EAA06529F7D5BA00D714EB /* Gazetteer */,
				07EAA07629F7D5BC00D714EB /* GazetteerTests */,
				07EAA08029F7D5BC00D714EB /* GazetteerUITests */,
				07EAA06429F7D5BA00D714EB /* Products */,
			);
			sourceTree = "<group>";
		};
		07EAA06429F7D5BA00D714EB /* Products */ = {
			isa = PBXGroup;
			children = (
				07EAA06329F7D5BA00D714EB /* Gazetteer.app */,
				07EAA07329F7D5BC00D714EB /* GazetteerTests.xctest */,
				07EAA07D29F7D5BC00D714EB /* GazetteerUITests.xctest */,
			);
			name = Products;
			sourceTree = "<group>";
		};
		07EAA06529F7D5BA00D714EB /* Gazetteer */ = {
			isa = PBXGroup;
			children = (
				0751C7112A0128CE00B0AF8F /* Models */,
				0751C7172A01334D00B0AF8F /* Views */,
				0751C7142A01316A00B0AF8F /* ViewModels */,
				07EAA06629F7D5BA00D714EB /* GazetteerApp.swift */,
				07EAA06A29F7D5BC00D714EB /* Assets.xcassets */,
				07210DED2A178F5F002E4ADA /* Utilities */,
				07EAA06C29F7D5BC00D714EB /* Preview Content */,
			);
			path = Gazetteer;
			sourceTree = "<group>";
		};
		07EAA06C29F7D5BC00D714EB /* Preview Content */ = {
			isa = PBXGroup;
			children = (
				07EAA06D29F7D5BC00D714EB /* Preview Assets.xcassets */,
			);
			path = "Preview Content";
			sourceTree = "<group>";
		};
		07EAA07629F7D5BC00D714EB /* GazetteerTests */ = {
			isa = PBXGroup;
			children = (
				07EAA07729F7D5BC00D714EB /* GazetteerTests.swift */,
			);
			path = GazetteerTests;
			sourceTree = "<group>";
		};
		07EAA08029F7D5BC00D714EB /* GazetteerUITests */ = {
			isa = PBXGroup;
			children = (
				07EAA08129F7D5BC00D714EB /* GazetteerUITests.swift */,
				07EAA08329F7D5BC00D714EB /* GazetteerUITestsLaunchTests.swift */,
			);
			path = GazetteerUITests;
			sourceTree = "<group>";
		};
/* End PBXGroup section */

/* Begin PBXNativeTarget section */
		07EAA06229F7D5BA00D714EB /* Gazetteer */ = {
			isa = PBXNativeTarget;
			buildConfigurationList = 07EAA08729F7D5BC00D714EB /* Build configuration list for PBXNativeTarget "Gazetteer" */;
			buildPhases = (
				07EAA05F29F7D5BA00D714EB /* Sources */,
				07EAA06029F7D5BA00D714EB /* Frameworks */,
				07EAA06129F7D5BA00D714EB /* Resources */,
			);
			buildRules = (
			);
			dependencies = (
			);
			name = Gazetteer;
			productName = Gazetteer;
			productReference = 07EAA06329F7D5BA00D714EB /* Gazetteer.app */;
			productType = "com.apple.product-type.application";
		};
		07EAA07229F7D5BC00D714EB /* GazetteerTests */ = {
			isa = PBXNativeTarget;
			buildConfigurationList = 07EAA08A29F7D5BC00D714EB /* Build configuration list for PBXNativeTarget "GazetteerTests" */;
			buildPhases = (
				07EAA06F29F7D5BC00D714EB /* Sources */,
				07EAA07029F7D5BC00D714EB /* Frameworks */,
				07EAA07129F7D5BC00D714EB /* Resources */,
			);
			buildRules = (
			);
			dependencies = (
				07EAA07529F7D5BC00D714EB /* PBXTargetDependency */,
			);
			name = GazetteerTests;
			productName = GazetteerTests;
			productReference = 07EAA07329F7D5BC00D714EB /* GazetteerTests.xctest */;
			productType = "com.apple.product-type.bundle.unit-test";
		};
		07EAA07C29F7D5BC00D714EB /* GazetteerUITests */ = {
			isa = PBXNativeTarget;
			buildConfigurationList = 07EAA08D29F7D5BC00D714EB /* Build configuration list for PBXNativeTarget "GazetteerUITests" */;
			buildPhases = (
				07EAA07929F7D5BC00D714EB /* Sources */,
				07EAA07A29F7D5BC00D714EB /* Frameworks */,
				07EAA07B29F7D5BC00D714EB /* Resources */,
			);
			buildRules = (
			);
			dependencies = (
				07EAA07F29F7D5BC00D714EB /* PBXTargetDependency */,
			);
			name = GazetteerUITests;
			productName = GazetteerUITests;
			productReference = 07EAA07D29F7D5BC00D714EB /* GazetteerUITests.xctest */;
			productType = "com.apple.product-type.bundle.ui-testing";
		};
/* End PBXNativeTarget section */

/* Begin PBXProject section */
		07EAA05B29F7D5BA00D714EB /* Project object */ = {
			isa = PBXProject;
			attributes = {
				BuildIndependentTargetsInParallel = 1;
				LastSwiftUpdateCheck = 1430;
				LastUpgradeCheck = 1430;
				TargetAttributes = {
					07EAA06229F7D5BA00D714EB = {
						CreatedOnToolsVersion = 14.3;
					};
					07EAA07229F7D5BC00D714EB = {
						CreatedOnToolsVersion = 14.3;
						TestTargetID = 07EAA06229F7D5BA00D714EB;
					};
					07EAA07C29F7D5BC00D714EB = {
						CreatedOnToolsVersion = 14.3;
						TestTargetID = 07EAA06229F7D5BA00D714EB;
					};
				};
			};
			buildConfigurationList = 07EAA05E29F7D5BA00D714EB /* Build configuration list for PBXProject "Gazetteer" */;
			compatibilityVersion = "Xcode 14.0";
			developmentRegion = en;
			hasScannedForEncodings = 0;
			knownRegions = (
				en,
				Base,
			);
			mainGroup = 07EAA05A29F7D5BA00D714EB;
			productRefGroup = 07EAA06429F7D5BA00D714EB /* Products */;
			projectDirPath = "";
			projectRoot = "";
			targets = (
				07EAA06229F7D5BA00D714EB /* Gazetteer */,
				07EAA07229F7D5BC00D714EB /* GazetteerTests */,
				07EAA07C29F7D5BC00D714EB /* GazetteerUITests */,
			);
		};
/* End PBXProject section */

/* Begin PBXResourcesBuildPhase section */
		07EAA06129F7D5BA00D714EB /* Resources */ = {
			isa = PBXResourcesBuildPhase;
			buildActionMask = 2147483647;
			files = (
				07EAA06E29F7D5BC00D714EB /* Preview Assets.xcassets in Resources */,
				07EAA06B29F7D5BC00D714EB /* Assets.xcassets in Resources */,
			);
			runOnlyForDeploymentPostprocessing = 0;
		};
		07EAA07129F7D5BC00D714EB /* Resources */ = {
			isa = PBXResourcesBuildPhase;
			buildActionMask = 2147483647;
			files = (
			);
			runOnlyForDeploymentPostprocessing = 0;
		};
		07EAA07B29F7D5BC00D714EB /* Resources */ = {
			isa = PBXResourcesBuildPhase;
			buildActionMask = 2147483647;
			files = (
			);
			runOnlyForDeploymentPostprocessing = 0;
		};
/* End PBXResourcesBuildPhase section */

/* Begin PBXSourcesBuildPhase section */
		07EAA05F29F7D5BA00D714EB /* Sources */ = {
			isa = PBXSourcesBuildPhase;
			buildActionMask = 2147483647;
			files = (
				077610412A192260002D68F3 /* CountryCurrencyInformationSheetViewModel.swift in Sources */,
				0751C7192A01336F00B0AF8F /* MapTypeOptionsSheetView.swift in Sources */,
				07633FD42A1E0CA200E1DB9D /* LatLonResponse.swift in Sources */,
				07210DF12A17B755002E4ADA /* FormatterHelper.swift in Sources */,
				07210DEF2A178F73002E4ADA /* Color+Extension.swift in Sources */,
				07210DF32A17BFB0002E4ADA /* CountryWeatherInformationSheetView.swift in Sources */,
				07210DE92A177FEE002E4ADA /* MainSheetView.swift in Sources */,
				074061CB2A17DF7500768B2D /* CountryWikipediaLinkView.swift in Sources */,
				074061CD2A17DFC500768B2D /* CountryWeatherIconInformationCellView.swift in Sources */,
				0751C71B2A01340E00B0AF8F /* MapUIViewRepresentable.swift in Sources */,
				07EAA06929F7D5BA00D714EB /* MapContainerView.swift in Sources */,
				0751C7132A0128E200B0AF8F /* Country.swift in Sources */,
				07210DF82A17C54A002E4ADA /* Weather.swift in Sources */,
				07C83AD52A191E6D0077B824 /* CountryWeatherForecastCellView.swift in Sources */,
				0776103F2A192147002D68F3 /* CurrencyExchangeRates.swift in Sources */,
				074061D12A17E38A00768B2D /* WeatherForecast.swift in Sources */,
				077610432A192782002D68F3 /* CountryCurrencyInformationSheetView.swift in Sources */,
				07EAA06729F7D5BA00D714EB /* GazetteerApp.swift in Sources */,
				074061C72A17DF1000768B2D /* CountryInfoCellView.swift in Sources */,
				0751C7162A01318800B0AF8F /* MapContainerViewModel.swift in Sources */,
				074061D32A17E5A900768B2D /* CountryWeatherForecastSheetViewModel.swift in Sources */,
				07210DF62A17C0E2002E4ADA /* MainSheetHeaderView.swift in Sources */,
				074061C92A17DF5300768B2D /* CountryFlagCellView.swift in Sources */,
				07210DEC2A178484002E4ADA /* CountryGeneralInformationSheetView.swift in Sources */,
				074061D52A17E85E00768B2D /* CountryWeatherForecastSheetView.swift in Sources */,
				07210DFB2A17D998002E4ADA /* CountryWeatherInformationSheetViewModel.swift in Sources */,
				074061CF2A17E03C00768B2D /* NetworkError.swift in Sources */,
			);
			runOnlyForDeploymentPostprocessing = 0;
		};
		07EAA06F29F7D5BC00D714EB /* Sources */ = {
			isa = PBXSourcesBuildPhase;
			buildActionMask = 2147483647;
			files = (
				07EAA07829F7D5BC00D714EB /* GazetteerTests.swift in Sources */,
			);
			runOnlyForDeploymentPostprocessing = 0;
		};
		07EAA07929F7D5BC00D714EB /* Sources */ = {
			isa = PBXSourcesBuildPhase;
			buildActionMask = 2147483647;
			files = (
				07EAA08429F7D5BC00D714EB /* GazetteerUITestsLaunchTests.swift in Sources */,
				07EAA08229F7D5BC00D714EB /* GazetteerUITests.swift in Sources */,
			);
			runOnlyForDeploymentPostprocessing = 0;
		};
/* End PBXSourcesBuildPhase section */

/* Begin PBXTargetDependency section */
		07EAA07529F7D5BC00D714EB /* PBXTargetDependency */ = {
			isa = PBXTargetDependency;
			target = 07EAA06229F7D5BA00D714EB /* Gazetteer */;
			targetProxy = 07EAA07429F7D5BC00D714EB /* PBXContainerItemProxy */;
		};
		07EAA07F29F7D5BC00D714EB /* PBXTargetDependency */ = {
			isa = PBXTargetDependency;
			target = 07EAA06229F7D5BA00D714EB /* Gazetteer */;
			targetProxy = 07EAA07E29F7D5BC00D714EB /* PBXContainerItemProxy */;
		};
/* End PBXTargetDependency section */

/* Begin XCBuildConfiguration section */
		07EAA08529F7D5BC00D714EB /* Debug */ = {
			isa = XCBuildConfiguration;
			buildSettings = {
				ALWAYS_SEARCH_USER_PATHS = NO;
				CLANG_ANALYZER_NONNULL = YES;
				CLANG_ANALYZER_NUMBER_OBJECT_CONVERSION = YES_AGGRESSIVE;
				CLANG_CXX_LANGUAGE_STANDARD = "gnu++20";
				CLANG_ENABLE_MODULES = YES;
				CLANG_ENABLE_OBJC_ARC = YES;
				CLANG_ENABLE_OBJC_WEAK = YES;
				CLANG_WARN_BLOCK_CAPTURE_AUTORELEASING = YES;
				CLANG_WARN_BOOL_CONVERSION = YES;
				CLANG_WARN_COMMA = YES;
				CLANG_WARN_CONSTANT_CONVERSION = YES;
				CLANG_WARN_DEPRECATED_OBJC_IMPLEMENTATIONS = YES;
				CLANG_WARN_DIRECT_OBJC_ISA_USAGE = YES_ERROR;
				CLANG_WARN_DOCUMENTATION_COMMENTS = YES;
				CLANG_WARN_EMPTY_BODY = YES;
				CLANG_WARN_ENUM_CONVERSION = YES;
				CLANG_WARN_INFINITE_RECURSION = YES;
				CLANG_WARN_INT_CONVERSION = YES;
				CLANG_WARN_NON_LITERAL_NULL_CONVERSION = YES;
				CLANG_WARN_OBJC_IMPLICIT_RETAIN_SELF = YES;
				CLANG_WARN_OBJC_LITERAL_CONVERSION = YES;
				CLANG_WARN_OBJC_ROOT_CLASS = YES_ERROR;
				CLANG_WARN_QUOTED_INCLUDE_IN_FRAMEWORK_HEADER = YES;
				CLANG_WARN_RANGE_LOOP_ANALYSIS = YES;
				CLANG_WARN_STRICT_PROTOTYPES = YES;
				CLANG_WARN_SUSPICIOUS_MOVE = YES;
				CLANG_WARN_UNGUARDED_AVAILABILITY = YES_AGGRESSIVE;
				CLANG_WARN_UNREACHABLE_CODE = YES;
				CLANG_WARN__DUPLICATE_METHOD_MATCH = YES;
				COPY_PHASE_STRIP = NO;
				DEBUG_INFORMATION_FORMAT = dwarf;
				ENABLE_STRICT_OBJC_MSGSEND = YES;
				ENABLE_TESTABILITY = YES;
				GCC_C_LANGUAGE_STANDARD = gnu11;
				GCC_DYNAMIC_NO_PIC = NO;
				GCC_NO_COMMON_BLOCKS = YES;
				GCC_OPTIMIZATION_LEVEL = 0;
				GCC_PREPROCESSOR_DEFINITIONS = (
					"DEBUG=1",
					"$(inherited)",
				);
				GCC_WARN_64_TO_32_BIT_CONVERSION = YES;
				GCC_WARN_ABOUT_RETURN_TYPE = YES_ERROR;
				GCC_WARN_UNDECLARED_SELECTOR = YES;
				GCC_WARN_UNINITIALIZED_AUTOS = YES_AGGRESSIVE;
				GCC_WARN_UNUSED_FUNCTION = YES;
				GCC_WARN_UNUSED_VARIABLE = YES;
				IPHONEOS_DEPLOYMENT_TARGET = 16.4;
				MTL_ENABLE_DEBUG_INFO = INCLUDE_SOURCE;
				MTL_FAST_MATH = YES;
				ONLY_ACTIVE_ARCH = YES;
				SDKROOT = iphoneos;
				SWIFT_ACTIVE_COMPILATION_CONDITIONS = DEBUG;
				SWIFT_OPTIMIZATION_LEVEL = "-Onone";
			};
			name = Debug;
		};
		07EAA08629F7D5BC00D714EB /* Release */ = {
			isa = XCBuildConfiguration;
			buildSettings = {
				ALWAYS_SEARCH_USER_PATHS = NO;
				CLANG_ANALYZER_NONNULL = YES;
				CLANG_ANALYZER_NUMBER_OBJECT_CONVERSION = YES_AGGRESSIVE;
				CLANG_CXX_LANGUAGE_STANDARD = "gnu++20";
				CLANG_ENABLE_MODULES = YES;
				CLANG_ENABLE_OBJC_ARC = YES;
				CLANG_ENABLE_OBJC_WEAK = YES;
				CLANG_WARN_BLOCK_CAPTURE_AUTORELEASING = YES;
				CLANG_WARN_BOOL_CONVERSION = YES;
				CLANG_WARN_COMMA = YES;
				CLANG_WARN_CONSTANT_CONVERSION = YES;
				CLANG_WARN_DEPRECATED_OBJC_IMPLEMENTATIONS = YES;
				CLANG_WARN_DIRECT_OBJC_ISA_USAGE = YES_ERROR;
				CLANG_WARN_DOCUMENTATION_COMMENTS = YES;
				CLANG_WARN_EMPTY_BODY = YES;
				CLANG_WARN_ENUM_CONVERSION = YES;
				CLANG_WARN_INFINITE_RECURSION = YES;
				CLANG_WARN_INT_CONVERSION = YES;
				CLANG_WARN_NON_LITERAL_NULL_CONVERSION = YES;
				CLANG_WARN_OBJC_IMPLICIT_RETAIN_SELF = YES;
				CLANG_WARN_OBJC_LITERAL_CONVERSION = YES;
				CLANG_WARN_OBJC_ROOT_CLASS = YES_ERROR;
				CLANG_WARN_QUOTED_INCLUDE_IN_FRAMEWORK_HEADER = YES;
				CLANG_WARN_RANGE_LOOP_ANALYSIS = YES;
				CLANG_WARN_STRICT_PROTOTYPES = YES;
				CLANG_WARN_SUSPICIOUS_MOVE = YES;
				CLANG_WARN_UNGUARDED_AVAILABILITY = YES_AGGRESSIVE;
				CLANG_WARN_UNREACHABLE_CODE = YES;
				CLANG_WARN__DUPLICATE_METHOD_MATCH = YES;
				COPY_PHASE_STRIP = NO;
				DEBUG_INFORMATION_FORMAT = "dwarf-with-dsym";
				ENABLE_NS_ASSERTIONS = NO;
				ENABLE_STRICT_OBJC_MSGSEND = YES;
				GCC_C_LANGUAGE_STANDARD = gnu11;
				GCC_NO_COMMON_BLOCKS = YES;
				GCC_WARN_64_TO_32_BIT_CONVERSION = YES;
				GCC_WARN_ABOUT_RETURN_TYPE = YES_ERROR;
				GCC_WARN_UNDECLARED_SELECTOR = YES;
				GCC_WARN_UNINITIALIZED_AUTOS = YES_AGGRESSIVE;
				GCC_WARN_UNUSED_FUNCTION = YES;
				GCC_WARN_UNUSED_VARIABLE = YES;
				IPHONEOS_DEPLOYMENT_TARGET = 16.4;
				MTL_ENABLE_DEBUG_INFO = NO;
				MTL_FAST_MATH = YES;
				SDKROOT = iphoneos;
				SWIFT_COMPILATION_MODE = wholemodule;
				SWIFT_OPTIMIZATION_LEVEL = "-O";
				VALIDATE_PRODUCT = YES;
			};
			name = Release;
		};
		07EAA08829F7D5BC00D714EB /* Debug */ = {
			isa = XCBuildConfiguration;
			buildSettings = {
				ASSETCATALOG_COMPILER_APPICON_NAME = AppIcon;
				ASSETCATALOG_COMPILER_GLOBAL_ACCENT_COLOR_NAME = AccentColor;
				CODE_SIGN_STYLE = Automatic;
				CURRENT_PROJECT_VERSION = 1;
				DEVELOPMENT_ASSET_PATHS = "\"Gazetteer/Preview Content\"";
				DEVELOPMENT_TEAM = 49L9R4P8KJ;
				ENABLE_PREVIEWS = YES;
				GENERATE_INFOPLIST_FILE = YES;
				INFOPLIST_KEY_NSLocationWhenInUseUsageDescription = "This app needs your location to show it on the map.";
				INFOPLIST_KEY_UIApplicationSceneManifest_Generation = YES;
				INFOPLIST_KEY_UIApplicationSupportsIndirectInputEvents = YES;
				INFOPLIST_KEY_UILaunchScreen_Generation = YES;
				INFOPLIST_KEY_UISupportedInterfaceOrientations_iPad = "UIInterfaceOrientationPortrait UIInterfaceOrientationPortraitUpsideDown UIInterfaceOrientationLandscapeLeft UIInterfaceOrientationLandscapeRight";
				INFOPLIST_KEY_UISupportedInterfaceOrientations_iPhone = "UIInterfaceOrientationPortrait UIInterfaceOrientationLandscapeLeft UIInterfaceOrientationLandscapeRight";
				IPHONEOS_DEPLOYMENT_TARGET = 16.0;
				LD_RUNPATH_SEARCH_PATHS = (
					"$(inherited)",
					"@executable_path/Frameworks",
				);
				MARKETING_VERSION = 1.0;
				PRODUCT_BUNDLE_IDENTIFIER = sjr.Gazetteer;
				PRODUCT_NAME = "$(TARGET_NAME)";
				SWIFT_EMIT_LOC_STRINGS = YES;
				SWIFT_VERSION = 5.0;
				TARGETED_DEVICE_FAMILY = "1,2";
			};
			name = Debug;
		};
		07EAA08929F7D5BC00D714EB /* Release */ = {
			isa = XCBuildConfiguration;
			buildSettings = {
				ASSETCATALOG_COMPILER_APPICON_NAME = AppIcon;
				ASSETCATALOG_COMPILER_GLOBAL_ACCENT_COLOR_NAME = AccentColor;
				CODE_SIGN_STYLE = Automatic;
				CURRENT_PROJECT_VERSION = 1;
				DEVELOPMENT_ASSET_PATHS = "\"Gazetteer/Preview Content\"";
				DEVELOPMENT_TEAM = 49L9R4P8KJ;
				ENABLE_PREVIEWS = YES;
				GENERATE_INFOPLIST_FILE = YES;
				INFOPLIST_KEY_NSLocationWhenInUseUsageDescription = "This app needs your location to show it on the map.";
				INFOPLIST_KEY_UIApplicationSceneManifest_Generation = YES;
				INFOPLIST_KEY_UIApplicationSupportsIndirectInputEvents = YES;
				INFOPLIST_KEY_UILaunchScreen_Generation = YES;
				INFOPLIST_KEY_UISupportedInterfaceOrientations_iPad = "UIInterfaceOrientationPortrait UIInterfaceOrientationPortraitUpsideDown UIInterfaceOrientationLandscapeLeft UIInterfaceOrientationLandscapeRight";
				INFOPLIST_KEY_UISupportedInterfaceOrientations_iPhone = "UIInterfaceOrientationPortrait UIInterfaceOrientationLandscapeLeft UIInterfaceOrientationLandscapeRight";
				IPHONEOS_DEPLOYMENT_TARGET = 16.0;
				LD_RUNPATH_SEARCH_PATHS = (
					"$(inherited)",
					"@executable_path/Frameworks",
				);
				MARKETING_VERSION = 1.0;
				PRODUCT_BUNDLE_IDENTIFIER = sjr.Gazetteer;
				PRODUCT_NAME = "$(TARGET_NAME)";
				SWIFT_EMIT_LOC_STRINGS = YES;
				SWIFT_VERSION = 5.0;
				TARGETED_DEVICE_FAMILY = "1,2";
			};
			name = Release;
		};
		07EAA08B29F7D5BC00D714EB /* Debug */ = {
			isa = XCBuildConfiguration;
			buildSettings = {
				ALWAYS_EMBED_SWIFT_STANDARD_LIBRARIES = YES;
				BUNDLE_LOADER = "$(TEST_HOST)";
				CODE_SIGN_STYLE = Automatic;
				CURRENT_PROJECT_VERSION = 1;
				DEVELOPMENT_TEAM = 49L9R4P8KJ;
				GENERATE_INFOPLIST_FILE = YES;
				IPHONEOS_DEPLOYMENT_TARGET = 16.4;
				MARKETING_VERSION = 1.0;
				PRODUCT_BUNDLE_IDENTIFIER = sjr.GazetteerTests;
				PRODUCT_NAME = "$(TARGET_NAME)";
				SWIFT_EMIT_LOC_STRINGS = NO;
				SWIFT_VERSION = 5.0;
				TARGETED_DEVICE_FAMILY = "1,2";
				TEST_HOST = "$(BUILT_PRODUCTS_DIR)/Gazetteer.app/$(BUNDLE_EXECUTABLE_FOLDER_PATH)/Gazetteer";
			};
			name = Debug;
		};
		07EAA08C29F7D5BC00D714EB /* Release */ = {
			isa = XCBuildConfiguration;
			buildSettings = {
				ALWAYS_EMBED_SWIFT_STANDARD_LIBRARIES = YES;
				BUNDLE_LOADER = "$(TEST_HOST)";
				CODE_SIGN_STYLE = Automatic;
				CURRENT_PROJECT_VERSION = 1;
				DEVELOPMENT_TEAM = 49L9R4P8KJ;
				GENERATE_INFOPLIST_FILE = YES;
				IPHONEOS_DEPLOYMENT_TARGET = 16.4;
				MARKETING_VERSION = 1.0;
				PRODUCT_BUNDLE_IDENTIFIER = sjr.GazetteerTests;
				PRODUCT_NAME = "$(TARGET_NAME)";
				SWIFT_EMIT_LOC_STRINGS = NO;
				SWIFT_VERSION = 5.0;
				TARGETED_DEVICE_FAMILY = "1,2";
				TEST_HOST = "$(BUILT_PRODUCTS_DIR)/Gazetteer.app/$(BUNDLE_EXECUTABLE_FOLDER_PATH)/Gazetteer";
			};
			name = Release;
		};
		07EAA08E29F7D5BC00D714EB /* Debug */ = {
			isa = XCBuildConfiguration;
			buildSettings = {
				ALWAYS_EMBED_SWIFT_STANDARD_LIBRARIES = YES;
				CODE_SIGN_STYLE = Automatic;
				CURRENT_PROJECT_VERSION = 1;
				DEVELOPMENT_TEAM = 49L9R4P8KJ;
				GENERATE_INFOPLIST_FILE = YES;
				MARKETING_VERSION = 1.0;
				PRODUCT_BUNDLE_IDENTIFIER = sjr.GazetteerUITests;
				PRODUCT_NAME = "$(TARGET_NAME)";
				SWIFT_EMIT_LOC_STRINGS = NO;
				SWIFT_VERSION = 5.0;
				TARGETED_DEVICE_FAMILY = "1,2";
				TEST_TARGET_NAME = Gazetteer;
			};
			name = Debug;
		};
		07EAA08F29F7D5BC00D714EB /* Release */ = {
			isa = XCBuildConfiguration;
			buildSettings = {
				ALWAYS_EMBED_SWIFT_STANDARD_LIBRARIES = YES;
				CODE_SIGN_STYLE = Automatic;
				CURRENT_PROJECT_VERSION = 1;
				DEVELOPMENT_TEAM = 49L9R4P8KJ;
				GENERATE_INFOPLIST_FILE = YES;
				MARKETING_VERSION = 1.0;
				PRODUCT_BUNDLE_IDENTIFIER = sjr.GazetteerUITests;
				PRODUCT_NAME = "$(TARGET_NAME)";
				SWIFT_EMIT_LOC_STRINGS = NO;
				SWIFT_VERSION = 5.0;
				TARGETED_DEVICE_FAMILY = "1,2";
				TEST_TARGET_NAME = Gazetteer;
			};
			name = Release;
		};
/* End XCBuildConfiguration section */

/* Begin XCConfigurationList section */
		07EAA05E29F7D5BA00D714EB /* Build configuration list for PBXProject "Gazetteer" */ = {
			isa = XCConfigurationList;
			buildConfigurations = (
				07EAA08529F7D5BC00D714EB /* Debug */,
				07EAA08629F7D5BC00D714EB /* Release */,
			);
			defaultConfigurationIsVisible = 0;
			defaultConfigurationName = Release;
		};
		07EAA08729F7D5BC00D714EB /* Build configuration list for PBXNativeTarget "Gazetteer" */ = {
			isa = XCConfigurationList;
			buildConfigurations = (
				07EAA08829F7D5BC00D714EB /* Debug */,
				07EAA08929F7D5BC00D714EB /* Release */,
			);
			defaultConfigurationIsVisible = 0;
			defaultConfigurationName = Release;
		};
		07EAA08A29F7D5BC00D714EB /* Build configuration list for PBXNativeTarget "GazetteerTests" */ = {
			isa = XCConfigurationList;
			buildConfigurations = (
				07EAA08B29F7D5BC00D714EB /* Debug */,
				07EAA08C29F7D5BC00D714EB /* Release */,
			);
			defaultConfigurationIsVisible = 0;
			defaultConfigurationName = Release;
		};
		07EAA08D29F7D5BC00D714EB /* Build configuration list for PBXNativeTarget "GazetteerUITests" */ = {
			isa = XCConfigurationList;
			buildConfigurations = (
				07EAA08E29F7D5BC00D714EB /* Debug */,
				07EAA08F29F7D5BC00D714EB /* Release */,
			);
			defaultConfigurationIsVisible = 0;
			defaultConfigurationName = Release;
		};
/* End XCConfigurationList section */
	};
	rootObject = 07EAA05B29F7D5BA00D714EB /* Project object */;
}
